
Microsoft Visual Studio Solution File, Format Version 12.00
# Visual Studio Version 17
VisualStudioVersion = 17.3.32819.101
MinimumVisualStudioVersion = 10.0.40219.1
Project("{9A19103F-16F7-4668-BE54-9A1E7A4F7556}") = "RecruitCatmahajasl", "RecruitCatmahajasl\RecruitCatmahajasl.csproj", "{093900FE-A441-423D-9B50-7EB86FEBC767}"
EndProject
Global
	GlobalSection(SolutionConfigurationPlatforms) = preSolution
		Debug|Any CPU = Debug|Any CPU
		Release|Any CPU = Release|Any CPU
	EndGlobalSection
	GlobalSection(ProjectConfigurationPlatforms) = postSolution
		{093900FE-A441-423D-9B50-7EB86FEBC767}.Debug|Any CPU.ActiveCfg = Debug|Any CPU
		{093900FE-A441-423D-9B50-7EB86FEBC767}.Debug|Any CPU.Build.0 = Debug|Any CPU
		{093900FE-A441-423D-9B50-7EB86FEBC767}.Release|Any CPU.ActiveCfg = Release|Any CPU
		{093900FE-A441-423D-9B50-7EB86FEBC767}.Release|Any CPU.Build.0 = Release|Any CPU
	EndGlobalSection
	GlobalSection(SolutionProperties) = preSolution
		HideSolutionNode = FALSE
	EndGlobalSection
	GlobalSection(ExtensibilityGlobals) = postSolution
		SolutionGuid = {D1CD6009-7B22-4A2E-A470-80236FFF6459}
	EndGlobalSection
EndGlobal
